
Microsoft Visual Studio Solution File, Format Version 12.00
# Visual Studio Version 17
VisualStudioVersion = 17.13.35919.96 d17.13
MinimumVisualStudioVersion = 10.0.40219.1
Project("{FAE04EC0-301F-11D3-BF4B-00C04F79EFBC}") = "StudentSystem", "StudentSystem\StudentSystem.csproj", "{B93FD175-1814-4428-9A20-9E8045139691}"
EndProject
Global
	GlobalSection(SolutionConfigurationPlatforms) = preSolution
		Debug|Any CPU = Debug|Any CPU
		Release|Any CPU = Release|Any CPU
	EndGlobalSection
	GlobalSection(ProjectConfigurationPlatforms) = postSolution
		{B93FD175-1814-4428-9A20-9E8045139691}.Debug|Any CPU.ActiveCfg = Debug|Any CPU
		{B93FD175-1814-4428-9A20-9E8045139691}.Debug|Any CPU.Build.0 = Debug|Any CPU
		{B93FD175-1814-4428-9A20-9E8045139691}.Release|Any CPU.ActiveCfg = Release|Any CPU
		{B93FD175-1814-4428-9A20-9E8045139691}.Release|Any CPU.Build.0 = Release|Any CPU
	EndGlobalSection
	GlobalSection(SolutionProperties) = preSolution
		HideSolutionNode = FALSE
	EndGlobalSection
	GlobalSection(ExtensibilityGlobals) = postSolution
		SolutionGuid = {510A6556-E063-4EEC-9B5B-613B88BA891E}
	EndGlobalSection
EndGlobal
